
Microsoft Visual Studio Solution File, Format Version 12.00
# Visual Studio 14
VisualStudioVersion = 14.0.22310.1
MinimumVisualStudioVersion = 10.0.40219.1
Project("{FAE04EC0-301F-11D3-BF4B-00C04F79EFBC}") = "CSharpImprovR", "CSharpImprovR\CSharpImprovR\CSharpImprovR.csproj", "{4DF63877-E0FE-4FFA-91CC-2C3A458175E0}"
EndProject
Project("{2150E333-8FDC-42A3-9474-1A3956D46DE8}") = ".nuget", ".nuget", "{B32FA050-E5E1-438F-BA47-EFE9EEBFADCC}"
	ProjectSection(SolutionItems) = preProject
		.nuget\packages.config = .nuget\packages.config
	EndProjectSection
EndProject
Project("{FAE04EC0-301F-11D3-BF4B-00C04F79EFBC}") = "CSharpImprovR.Test", "CSharpImprovR\CSharpImprovR.Test\CSharpImprovR.Test.csproj", "{605FA4A2-81D6-4A80-8967-3E6D8B3EFF7D}"
EndProject
Project("{FAE04EC0-301F-11D3-BF4B-00C04F79EFBC}") = "CSharpImprovR.Vsix", "CSharpImprovR\CSharpImprovR.Vsix\CSharpImprovR.Vsix.csproj", "{C3EA9E9D-87E3-4B31-B329-9D070AC78C9E}"
EndProject
Global
	GlobalSection(SolutionConfigurationPlatforms) = preSolution
		Debug|Any CPU = Debug|Any CPU
		Release|Any CPU = Release|Any CPU
	EndGlobalSection
	GlobalSection(ProjectConfigurationPlatforms) = postSolution
		{4DF63877-E0FE-4FFA-91CC-2C3A458175E0}.Debug|Any CPU.ActiveCfg = Debug|Any CPU
		{4DF63877-E0FE-4FFA-91CC-2C3A458175E0}.Debug|Any CPU.Build.0 = Debug|Any CPU
		{4DF63877-E0FE-4FFA-91CC-2C3A458175E0}.Release|Any CPU.ActiveCfg = Release|Any CPU
		{4DF63877-E0FE-4FFA-91CC-2C3A458175E0}.Release|Any CPU.Build.0 = Release|Any CPU
		{605FA4A2-81D6-4A80-8967-3E6D8B3EFF7D}.Debug|Any CPU.ActiveCfg = Debug|Any CPU
		{605FA4A2-81D6-4A80-8967-3E6D8B3EFF7D}.Debug|Any CPU.Build.0 = Debug|Any CPU
		{605FA4A2-81D6-4A80-8967-3E6D8B3EFF7D}.Release|Any CPU.ActiveCfg = Release|Any CPU
		{605FA4A2-81D6-4A80-8967-3E6D8B3EFF7D}.Release|Any CPU.Build.0 = Release|Any CPU
		{C3EA9E9D-87E3-4B31-B329-9D070AC78C9E}.Debug|Any CPU.ActiveCfg = Debug|Any CPU
		{C3EA9E9D-87E3-4B31-B329-9D070AC78C9E}.Debug|Any CPU.Build.0 = Debug|Any CPU
		{C3EA9E9D-87E3-4B31-B329-9D070AC78C9E}.Release|Any CPU.ActiveCfg = Release|Any CPU
		{C3EA9E9D-87E3-4B31-B329-9D070AC78C9E}.Release|Any CPU.Build.0 = Release|Any CPU
	EndGlobalSection
	GlobalSection(SolutionProperties) = preSolution
		HideSolutionNode = FALSE
	EndGlobalSection
EndGlobal
